Microsoft Visual Studio Solution File, Format Version 12.00
# 17
VisualStudioVersion = 17.11.35312.102
MinimumVisualStudioVersion = 10.0.40219.1
Project("{FAE04EC0-301F-11D3-BF4B-00C04F79EFBC}") = "SignedClickOnce", "SignedClickOnce\SignedClickOnce.csproj", "{774A141E-E148-4C75-AAB3-D9762301947A}"
EndProject
Global
	GlobalSection(SolutionConfigurationPlatforms) = preSolution
		Debug|Any CPU = Debug|Any CPU
		Release|Any CPU = Release|Any CPU
	EndGlobalSection
	GlobalSection(ProjectConfigurationPlatforms) = postSolution
		{774A141E-E148-4C75-AAB3-D9762301947A}.Debug|Any CPU.ActiveCfg = Debug|Any CPU
		{774A141E-E148-4C75-AAB3-D9762301947A}.Debug|Any CPU.Build.0 = Debug|Any CPU
		{774A141E-E148-4C75-AAB3-D9762301947A}.Release|Any CPU.ActiveCfg = Release|Any CPU
		{774A141E-E148-4C75-AAB3-D9762301947A}.Release|Any CPU.Build.0 = Release|Any CPU
	EndGlobalSection
	GlobalSection(SolutionProperties) = preSolution
		HideSolutionNode = FALSE
	EndGlobalSection
	GlobalSection(ExtensibilityGlobals) = postSolution
		SolutionGuid = {73F532D1-0E32-4B6C-8E2E-3DC8231EC51C}
	EndGlobalSection
EndGlobal
